
Microsoft Visual Studio Solution File, Format Version 12.00
# Visual Studio 15
VisualStudioVersion = 15.0.27004.2005
MinimumVisualStudioVersion = 10.0.40219.1
Project("{9A19103F-16F7-4668-BE54-9A1E7A4F7556}") = "SAM", "SAM\SAM\SAM.csproj", "{6A6F6809-C100-4A5C-99E7-D0FADAC71B8B}"
EndProject
Project("{9A19103F-16F7-4668-BE54-9A1E7A4F7556}") = "SAM.Tests", "SAM\SAM.Tests\SAM.Tests.csproj", "{19087912-C52D-4A0A-8694-3AFC2AE1E5D5}"
EndProject
Project("{FAE04EC0-301F-11D3-BF4B-00C04F79EFBC}") = "Db", "Db\Db.csproj", "{E0BDC50C-920E-48CA-8835-1BD34B1DF9C6}"
EndProject
Global
	GlobalSection(SolutionConfigurationPlatforms) = preSolution
		Debug|Any CPU = Debug|Any CPU
		Debug|x86 = Debug|x86
		Release|Any CPU = Release|Any CPU
		Release|x86 = Release|x86
	EndGlobalSection
	GlobalSection(ProjectConfigurationPlatforms) = postSolution
		{6A6F6809-C100-4A5C-99E7-D0FADAC71B8B}.Debug|Any CPU.ActiveCfg = Debug|Any CPU
		{6A6F6809-C100-4A5C-99E7-D0FADAC71B8B}.Debug|Any CPU.Build.0 = Debug|Any CPU
		{6A6F6809-C100-4A5C-99E7-D0FADAC71B8B}.Debug|x86.ActiveCfg = Debug|Any CPU
		{6A6F6809-C100-4A5C-99E7-D0FADAC71B8B}.Debug|x86.Build.0 = Debug|Any CPU
		{6A6F6809-C100-4A5C-99E7-D0FADAC71B8B}.Release|Any CPU.ActiveCfg = Release|Any CPU
		{6A6F6809-C100-4A5C-99E7-D0FADAC71B8B}.Release|Any CPU.Build.0 = Release|Any CPU
		{6A6F6809-C100-4A5C-99E7-D0FADAC71B8B}.Release|x86.ActiveCfg = Release|Any CPU
		{6A6F6809-C100-4A5C-99E7-D0FADAC71B8B}.Release|x86.Build.0 = Release|Any CPU
		{19087912-C52D-4A0A-8694-3AFC2AE1E5D5}.Debug|Any CPU.ActiveCfg = Debug|Any CPU
		{19087912-C52D-4A0A-8694-3AFC2AE1E5D5}.Debug|Any CPU.Build.0 = Debug|Any CPU
		{19087912-C52D-4A0A-8694-3AFC2AE1E5D5}.Debug|x86.ActiveCfg = Debug|Any CPU
		{19087912-C52D-4A0A-8694-3AFC2AE1E5D5}.Debug|x86.Build.0 = Debug|Any CPU
		{19087912-C52D-4A0A-8694-3AFC2AE1E5D5}.Release|Any CPU.ActiveCfg = Release|Any CPU
		{19087912-C52D-4A0A-8694-3AFC2AE1E5D5}.Release|Any CPU.Build.0 = Release|Any CPU
		{19087912-C52D-4A0A-8694-3AFC2AE1E5D5}.Release|x86.ActiveCfg = Release|Any CPU
		{19087912-C52D-4A0A-8694-3AFC2AE1E5D5}.Release|x86.Build.0 = Release|Any CPU
		{E0BDC50C-920E-48CA-8835-1BD34B1DF9C6}.Debug|Any CPU.ActiveCfg = Debug|Any CPU
		{E0BDC50C-920E-48CA-8835-1BD34B1DF9C6}.Debug|Any CPU.Build.0 = Debug|Any CPU
		{E0BDC50C-920E-48CA-8835-1BD34B1DF9C6}.Debug|x86.ActiveCfg = Debug|Any CPU
		{E0BDC50C-920E-48CA-8835-1BD34B1DF9C6}.Debug|x86.Build.0 = Debug|Any CPU
		{E0BDC50C-920E-48CA-8835-1BD34B1DF9C6}.Release|Any CPU.ActiveCfg = Release|Any CPU
		{E0BDC50C-920E-48CA-8835-1BD34B1DF9C6}.Release|Any CPU.Build.0 = Release|Any CPU
		{E0BDC50C-920E-48CA-8835-1BD34B1DF9C6}.Release|x86.ActiveCfg = Release|Any CPU
		{E0BDC50C-920E-48CA-8835-1BD34B1DF9C6}.Release|x86.Build.0 = Release|Any CPU
	EndGlobalSection
	GlobalSection(SolutionProperties) = preSolution
		HideSolutionNode = FALSE
	EndGlobalSection
	GlobalSection(ExtensibilityGlobals) = postSolution
		SolutionGuid = {D0565B34-B374-4D55-9E13-26400F7F9CDE}
	EndGlobalSection
EndGlobal
